// !$*UTF8*$!
{
	archiveVersion = 1;
	classes = {
	};
	objectVersion = 77;
	objects = {

/* Begin PBXBuildFile section */
		0F474B03CE0B08253DBFD97E /* PeakUILayoutTests.swift in Sources */ = {isa = PBXBuildFile; fileRef = 74D501A791D6CF37DED6AF29 /* PeakUILayoutTests.swift */; };
		A1B2C3D4E5F60718293A4B5C /* ExportImportTests.swift in Sources */ = {isa = PBXBuildFile; fileRef = C1D2E3F4A5B60718293A4B5C /* ExportImportTests.swift */; };
		B2C3D4E5F60718293A4B5C6D /* UsageMetricsTests.swift in Sources */ = {isa = PBXBuildFile; fileRef = D2E3F4A5B60718293A4B5C6 /* UsageMetricsTests.swift */; };
		B3C4D5E6F708192A3B4C5D6E /* SpotLimitTests.swift in Sources */ = {isa = PBXBuildFile; fileRef = C2D3E4F5A60718293A4B5C6D /* SpotLimitTests.swift */; };
		C4D5E6F7A8091A2B3C4D5E6F /* GearUsageCalculatorTests.swift in Sources */ = {isa = PBXBuildFile; fileRef = D4E5F6A7B8192C3D4E5F6A7B /* GearUsageCalculatorTests.swift */; };
		B56DBC17D018E2BEB45AAE0D /* ModelMigrationTests.swift in Sources */ = {isa = PBXBuildFile; fileRef = C0B71610D698FEB68B9A4EC9 /* ModelMigrationTests.swift */; };
		FFAAAC738BB4186B07B9B4BA /* ContrastTests.swift in Sources */ = {isa = PBXBuildFile; fileRef = 1D8F433E410B9B7E11DCE8B2 /* ContrastTests.swift */; };
/* End PBXBuildFile section */

/* Begin PBXContainerItemProxy section */
		0225C609CC460392CB607C86 /* PBXContainerItemProxy */ = {
			isa = PBXContainerItemProxy;
			containerPortal = C681872F2F11ED6600558C0B /* Project object */;
			proxyType = 1;
			remoteGlobalIDString = C68187362F11ED6600558C0B;
			remoteInfo = Peak;
		};
		21FC904FC53B9FABF257F632 /* PBXContainerItemProxy */ = {
			isa = PBXContainerItemProxy;
			containerPortal = C681872F2F11ED6600558C0B /* Project object */;
			proxyType = 1;
			remoteGlobalIDString = C68187362F11ED6600558C0B;
			remoteInfo = Peak;
		};
/* End PBXContainerItemProxy section */

/* Begin PBXFileReference section */
		1D8F433E410B9B7E11DCE8B2 /* ContrastTests.swift */ = {isa = PBXFileReference; lastKnownFileType = sourcecode.swift; path = ContrastTests.swift; sourceTree = "<group>"; };
		2C833DD8C1DF342D22A64A71 /* PeakTests.xctest */ = {isa = PBXFileReference; explicitFileType = wrapper.cfbundle; includeInIndex = 0; path = PeakTests.xctest; sourceTree = BUILT_PRODUCTS_DIR; };
		6E38035EBCFEBDBFEA1E34E3 /* PeakUITests.xctest */ = {isa = PBXFileReference; explicitFileType = wrapper.cfbundle; includeInIndex = 0; path = PeakUITests.xctest; sourceTree = BUILT_PRODUCTS_DIR; };
		74D501A791D6CF37DED6AF29 /* PeakUILayoutTests.swift */ = {isa = PBXFileReference; lastKnownFileType = sourcecode.swift; path = PeakUILayoutTests.swift; sourceTree = "<group>"; };
		C0B71610D698FEB68B9A4EC9 /* ModelMigrationTests.swift */ = {isa = PBXFileReference; lastKnownFileType = sourcecode.swift; path = ModelMigrationTests.swift; sourceTree = "<group>"; };
		C1D2E3F4A5B60718293A4B5C /* ExportImportTests.swift */ = {isa = PBXFileReference; lastKnownFileType = sourcecode.swift; path = ExportImportTests.swift; sourceTree = "<group>"; };
		C2D3E4F5A60718293A4B5C6D /* SpotLimitTests.swift */ = {isa = PBXFileReference; lastKnownFileType = sourcecode.swift; path = SpotLimitTests.swift; sourceTree = "<group>"; };
		D4E5F6A7B8192C3D4E5F6A7B /* GearUsageCalculatorTests.swift */ = {isa = PBXFileReference; lastKnownFileType = sourcecode.swift; path = GearUsageCalculatorTests.swift; sourceTree = "<group>"; };
		C68187372F11ED6600558C0B /* Peak.app */ = {isa = PBXFileReference; explicitFileType = wrapper.application; includeInIndex = 0; path = Peak.app; sourceTree = BUILT_PRODUCTS_DIR; };
		D2E3F4A5B60718293A4B5C6 /* UsageMetricsTests.swift */ = {isa = PBXFileReference; lastKnownFileType = sourcecode.swift; path = UsageMetricsTests.swift; sourceTree = "<group>"; };
/* End PBXFileReference section */

/* Begin PBXFileSystemSynchronizedBuildFileExceptionSet section */
		C6818E702F12C9A800558C0B /* Exceptions for "Peak" folder in "Peak" target */ = {
			isa = PBXFileSystemSynchronizedBuildFileExceptionSet;
			membershipExceptions = (
				Info.plist,
			);
			target = C68187362F11ED6600558C0B /* Peak */;
		};
/* End PBXFileSystemSynchronizedBuildFileExceptionSet section */

/* Begin PBXFileSystemSynchronizedRootGroup section */
		C68187392F11ED6600558C0B /* Peak */ = {
			isa = PBXFileSystemSynchronizedRootGroup;
			exceptions = (
				C6818E702F12C9A800558C0B /* Exceptions for "Peak" folder in "Peak" target */,
			);
			path = Peak;
			sourceTree = "<group>";
		};
/* End PBXFileSystemSynchronizedRootGroup section */

/* Begin PBXFrameworksBuildPhase section */
		36AC397850C6E3ED6FED20F1 /* Frameworks */ = {
			isa = PBXFrameworksBuildPhase;
			buildActionMask = 2147483647;
			files = (
			);
			runOnlyForDeploymentPostprocessing = 0;
		};
		A4F44E861BBF7B83F6C4E280 /* Frameworks */ = {
			isa = PBXFrameworksBuildPhase;
			buildActionMask = 2147483647;
			files = (
			);
			runOnlyForDeploymentPostprocessing = 0;
		};
		C68187342F11ED6600558C0B /* Frameworks */ = {
			isa = PBXFrameworksBuildPhase;
			buildActionMask = 2147483647;
			files = (
			);
			runOnlyForDeploymentPostprocessing = 0;
		};
/* End PBXFrameworksBuildPhase section */

/* Begin PBXGroup section */
		9F385642052F2D93EAA110D9 /* PeakTests */ = {
			isa = PBXGroup;
			children = (
				1D8F433E410B9B7E11DCE8B2 /* ContrastTests.swift */,
				C1D2E3F4A5B60718293A4B5C /* ExportImportTests.swift */,
				C0B71610D698FEB68B9A4EC9 /* ModelMigrationTests.swift */,
				D4E5F6A7B8192C3D4E5F6A7B /* GearUsageCalculatorTests.swift */,
				C2D3E4F5A60718293A4B5C6D /* SpotLimitTests.swift */,
				D2E3F4A5B60718293A4B5C6 /* UsageMetricsTests.swift */,
			);
			path = PeakTests;
			sourceTree = "<group>";
		};
		B93D608A751F8030DA2E441E /* PeakUITests */ = {
			isa = PBXGroup;
			children = (
				74D501A791D6CF37DED6AF29 /* PeakUILayoutTests.swift */,
			);
			path = PeakUITests;
			sourceTree = "<group>";
		};
		C681872E2F11ED6600558C0B = {
			isa = PBXGroup;
			children = (
				C68187392F11ED6600558C0B /* Peak */,
				9F385642052F2D93EAA110D9 /* PeakTests */,
				B93D608A751F8030DA2E441E /* PeakUITests */,
				C68187382F11ED6600558C0B /* Products */,
			);
			sourceTree = "<group>";
		};
		C68187382F11ED6600558C0B /* Products */ = {
			isa = PBXGroup;
			children = (
				C68187372F11ED6600558C0B /* Peak.app */,
				2C833DD8C1DF342D22A64A71 /* PeakTests.xctest */,
				6E38035EBCFEBDBFEA1E34E3 /* PeakUITests.xctest */,
			);
			name = Products;
			sourceTree = "<group>";
		};
/* End PBXGroup section */

/* Begin PBXNativeTarget section */
		32BD4AA3B5C81D3A45DD2822 /* PeakUITests */ = {
			isa = PBXNativeTarget;
			buildConfigurationList = 92D452FA1A4D5F6BC5023B9F /* Build configuration list for PBXNativeTarget "PeakUITests" */;
			buildPhases = (
				3DEBB45D0C6F45200247E556 /* Sources */,
				A4F44E861BBF7B83F6C4E280 /* Frameworks */,
				E814A30BBD152D3124EAA32D /* Resources */,
			);
			buildRules = (
			);
			dependencies = (
				34BB6F1535EF61D1D0750337 /* PBXTargetDependency */,
			);
			name = PeakUITests;
			productName = PeakUITests;
			productReference = 6E38035EBCFEBDBFEA1E34E3 /* PeakUITests.xctest */;
			productType = "com.apple.product-type.bundle.ui-testing";
		};
		64B2634DCF3121EEAE9100AA /* PeakTests */ = {
			isa = PBXNativeTarget;
			buildConfigurationList = E485528A70F50CFC17B230DE /* Build configuration list for PBXNativeTarget "PeakTests" */;
			buildPhases = (
				1737B4E73F386BAC0ED64D44 /* Sources */,
				36AC397850C6E3ED6FED20F1 /* Frameworks */,
				87EB63245CBAFAEEE87C80DA /* Resources */,
			);
			buildRules = (
			);
			dependencies = (
				3A8AFD73547F4ED7577521DF /* PBXTargetDependency */,
			);
			name = PeakTests;
			productName = PeakTests;
			productReference = 2C833DD8C1DF342D22A64A71 /* PeakTests.xctest */;
			productType = "com.apple.product-type.bundle.unit-test";
		};
		C68187362F11ED6600558C0B /* Peak */ = {
			isa = PBXNativeTarget;
			buildConfigurationList = C68187422F11ED6700558C0B /* Build configuration list for PBXNativeTarget "Peak" */;
			buildPhases = (
				C68187332F11ED6600558C0B /* Sources */,
				C68187342F11ED6600558C0B /* Frameworks */,
				C68187352F11ED6600558C0B /* Resources */,
			);
			buildRules = (
			);
			dependencies = (
			);
			fileSystemSynchronizedGroups = (
				C68187392F11ED6600558C0B /* Peak */,
			);
			name = Peak;
			packageProductDependencies = (
			);
			productName = Peak;
			productReference = C68187372F11ED6600558C0B /* Peak.app */;
			productType = "com.apple.product-type.application";
		};
/* End PBXNativeTarget section */

/* Begin PBXProject section */
		C681872F2F11ED6600558C0B /* Project object */ = {
			isa = PBXProject;
			attributes = {
				BuildIndependentTargetsInParallel = 1;
				LastSwiftUpdateCheck = 2620;
				LastUpgradeCheck = 2620;
				TargetAttributes = {
					32BD4AA3B5C81D3A45DD2822 = {
						CreatedOnToolsVersion = 26.2;
						TestTargetID = C68187362F11ED6600558C0B;
					};
					64B2634DCF3121EEAE9100AA = {
						CreatedOnToolsVersion = 26.2;
						TestTargetID = C68187362F11ED6600558C0B;
					};
					C68187362F11ED6600558C0B = {
						CreatedOnToolsVersion = 26.2;
					};
				};
			};
			buildConfigurationList = C68187322F11ED6600558C0B /* Build configuration list for PBXProject "Peak" */;
			developmentRegion = en;
			hasScannedForEncodings = 0;
			knownRegions = (
				en,
				Base,
			);
			mainGroup = C681872E2F11ED6600558C0B;
			minimizedProjectReferenceProxies = 1;
			preferredProjectObjectVersion = 77;
			productRefGroup = C68187382F11ED6600558C0B /* Products */;
			projectDirPath = "";
			projectRoot = "";
			targets = (
				C68187362F11ED6600558C0B /* Peak */,
				64B2634DCF3121EEAE9100AA /* PeakTests */,
				32BD4AA3B5C81D3A45DD2822 /* PeakUITests */,
			);
		};
/* End PBXProject section */

/* Begin PBXResourcesBuildPhase section */
		87EB63245CBAFAEEE87C80DA /* Resources */ = {
			isa = PBXResourcesBuildPhase;
			buildActionMask = 2147483647;
			files = (
			);
			runOnlyForDeploymentPostprocessing = 0;
		};
		C68187352F11ED6600558C0B /* Resources */ = {
			isa = PBXResourcesBuildPhase;
			buildActionMask = 2147483647;
			files = (
			);
			runOnlyForDeploymentPostprocessing = 0;
		};
		E814A30BBD152D3124EAA32D /* Resources */ = {
			isa = PBXResourcesBuildPhase;
			buildActionMask = 2147483647;
			files = (
			);
			runOnlyForDeploymentPostprocessing = 0;
		};
/* End PBXResourcesBuildPhase section */

/* Begin PBXSourcesBuildPhase section */
		1737B4E73F386BAC0ED64D44 /* Sources */ = {
			isa = PBXSourcesBuildPhase;
			buildActionMask = 2147483647;
			files = (
				FFAAAC738BB4186B07B9B4BA /* ContrastTests.swift in Sources */,
				A1B2C3D4E5F60718293A4B5C /* ExportImportTests.swift in Sources */,
				B56DBC17D018E2BEB45AAE0D /* ModelMigrationTests.swift in Sources */,
				C4D5E6F7A8091A2B3C4D5E6F /* GearUsageCalculatorTests.swift in Sources */,
				B3C4D5E6F708192A3B4C5D6E /* SpotLimitTests.swift in Sources */,
				B2C3D4E5F60718293A4B5C6D /* UsageMetricsTests.swift in Sources */,
			);
			runOnlyForDeploymentPostprocessing = 0;
		};
		3DEBB45D0C6F45200247E556 /* Sources */ = {
			isa = PBXSourcesBuildPhase;
			buildActionMask = 2147483647;
			files = (
				0F474B03CE0B08253DBFD97E /* PeakUILayoutTests.swift in Sources */,
			);
			runOnlyForDeploymentPostprocessing = 0;
		};
		C68187332F11ED6600558C0B /* Sources */ = {
			isa = PBXSourcesBuildPhase;
			buildActionMask = 2147483647;
			files = (
			);
			runOnlyForDeploymentPostprocessing = 0;
		};
/* End PBXSourcesBuildPhase section */

/* Begin PBXTargetDependency section */
		34BB6F1535EF61D1D0750337 /* PBXTargetDependency */ = {
			isa = PBXTargetDependency;
			target = C68187362F11ED6600558C0B /* Peak */;
			targetProxy = 21FC904FC53B9FABF257F632 /* PBXContainerItemProxy */;
		};
		3A8AFD73547F4ED7577521DF /* PBXTargetDependency */ = {
			isa = PBXTargetDependency;
			target = C68187362F11ED6600558C0B /* Peak */;
			targetProxy = 0225C609CC460392CB607C86 /* PBXContainerItemProxy */;
		};
/* End PBXTargetDependency section */

/* Begin XCBuildConfiguration section */
		2496D37F0CD0155519368B17 /* Release */ = {
			isa = XCBuildConfiguration;
			buildSettings = {
				ALWAYS_EMBED_SWIFT_STANDARD_LIBRARIES = YES;
				BUNDLE_LOADER = "$(TEST_HOST)";
				CODE_SIGN_STYLE = Automatic;
				DEVELOPMENT_TEAM = SQ949Q468V;
				GENERATE_INFOPLIST_FILE = YES;
				INFOPLIST_KEY_CFBundleDisplayName = "$(PRODUCT_NAME)";
				IPHONEOS_DEPLOYMENT_TARGET = 17.0;
				LD_RUNPATH_SEARCH_PATHS = (
					"$(inherited)",
					"@executable_path/Frameworks",
					"@loader_path/Frameworks",
				);
				PRODUCT_BUNDLE_IDENTIFIER = Prism.PeakTests;
				PRODUCT_NAME = "$(TARGET_NAME)";
				SWIFT_DEFAULT_ACTOR_ISOLATION = MainActor;
				SWIFT_VERSION = 5.0;
				TARGETED_DEVICE_FAMILY = "1,2";
				TEST_HOST = "$(BUILT_PRODUCTS_DIR)/Peak.app/Peak";
			};
			name = Release;
		};
		3F5F239E5827FCE3190C0293 /* Release */ = {
			isa = XCBuildConfiguration;
			buildSettings = {
				ALWAYS_EMBED_SWIFT_STANDARD_LIBRARIES = YES;
				CODE_SIGN_STYLE = Automatic;
				DEVELOPMENT_TEAM = SQ949Q468V;
				GENERATE_INFOPLIST_FILE = YES;
				INFOPLIST_KEY_CFBundleDisplayName = "$(PRODUCT_NAME)";
				IPHONEOS_DEPLOYMENT_TARGET = 17.0;
				LD_RUNPATH_SEARCH_PATHS = (
					"$(inherited)",
					"@executable_path/Frameworks",
					"@loader_path/Frameworks",
				);
				PRODUCT_BUNDLE_IDENTIFIER = Prism.PeakUITests;
				PRODUCT_NAME = "$(TARGET_NAME)";
				SWIFT_DEFAULT_ACTOR_ISOLATION = MainActor;
				SWIFT_VERSION = 5.0;
				TARGETED_DEVICE_FAMILY = "1,2";
				TEST_TARGET_NAME = Peak;
			};
			name = Release;
		};
		C68187402F11ED6700558C0B /* Debug */ = {
			isa = XCBuildConfiguration;
			buildSettings = {
				ALWAYS_SEARCH_USER_PATHS = NO;
				ASSETCATALOG_COMPILER_GENERATE_SWIFT_ASSET_SYMBOL_EXTENSIONS = YES;
				CLANG_ANALYZER_NONNULL = YES;
				CLANG_ANALYZER_NUMBER_OBJECT_CONVERSION = YES_AGGRESSIVE;
				CLANG_CXX_LANGUAGE_STANDARD = "gnu++20";
				CLANG_ENABLE_MODULES = YES;
				CLANG_ENABLE_OBJC_ARC = YES;
				CLANG_ENABLE_OBJC_WEAK = YES;
				CLANG_WARN_BLOCK_CAPTURE_AUTORELEASING = YES;
				CLANG_WARN_BOOL_CONVERSION = YES;
				CLANG_WARN_COMMA = YES;
				CLANG_WARN_CONSTANT_CONVERSION = YES;
				CLANG_WARN_DEPRECATED_OBJC_IMPLEMENTATIONS = YES;
				CLANG_WARN_DIRECT_OBJC_ISA_USAGE = YES_ERROR;
				CLANG_WARN_DOCUMENTATION_COMMENTS = YES;
				CLANG_WARN_EMPTY_BODY = YES;
				CLANG_WARN_ENUM_CONVERSION = YES;
				CLANG_WARN_INFINITE_RECURSION = YES;
				CLANG_WARN_INT_CONVERSION = YES;
				CLANG_WARN_NON_LITERAL_NULL_CONVERSION = YES;
				CLANG_WARN_OBJC_IMPLICIT_RETAIN_SELF = YES;
				CLANG_WARN_OBJC_LITERAL_CONVERSION = YES;
				CLANG_WARN_OBJC_ROOT_CLASS = YES_ERROR;
				CLANG_WARN_QUOTED_INCLUDE_IN_FRAMEWORK_HEADER = YES;
				CLANG_WARN_RANGE_LOOP_ANALYSIS = YES;
				CLANG_WARN_STRICT_PROTOTYPES = YES;
				CLANG_WARN_SUSPICIOUS_MOVE = YES;
				CLANG_WARN_UNGUARDED_AVAILABILITY = YES_AGGRESSIVE;
				CLANG_WARN_UNREACHABLE_CODE = YES;
				CLANG_WARN__DUPLICATE_METHOD_MATCH = YES;
				COPY_PHASE_STRIP = NO;
				DEBUG_INFORMATION_FORMAT = dwarf;
				DEVELOPMENT_TEAM = SQ949Q468V;
				ENABLE_STRICT_OBJC_MSGSEND = YES;
				ENABLE_TESTABILITY = YES;
				ENABLE_USER_SCRIPT_SANDBOXING = YES;
				GCC_C_LANGUAGE_STANDARD = gnu17;
				GCC_DYNAMIC_NO_PIC = NO;
				GCC_NO_COMMON_BLOCKS = YES;
				GCC_OPTIMIZATION_LEVEL = 0;
				GCC_PREPROCESSOR_DEFINITIONS = (
					"DEBUG=1",
					"$(inherited)",
				);
				GCC_WARN_64_TO_32_BIT_CONVERSION = YES;
				GCC_WARN_ABOUT_RETURN_TYPE = YES_ERROR;
				GCC_WARN_UNDECLARED_SELECTOR = YES;
				GCC_WARN_UNINITIALIZED_AUTOS = YES_AGGRESSIVE;
				GCC_WARN_UNUSED_FUNCTION = YES;
				GCC_WARN_UNUSED_VARIABLE = YES;
				IPHONEOS_DEPLOYMENT_TARGET = 17.0;
				LOCALIZATION_PREFERS_STRING_CATALOGS = YES;
				MTL_ENABLE_DEBUG_INFO = INCLUDE_SOURCE;
				MTL_FAST_MATH = YES;
				ONLY_ACTIVE_ARCH = YES;
				SDKROOT = iphoneos;
				SWIFT_ACTIVE_COMPILATION_CONDITIONS = "DEBUG $(inherited)";
				SWIFT_OPTIMIZATION_LEVEL = "-Onone";
			};
			name = Debug;
		};
		C68187412F11ED6700558C0B /* Release */ = {
			isa = XCBuildConfiguration;
			buildSettings = {
				ALWAYS_SEARCH_USER_PATHS = NO;
				ASSETCATALOG_COMPILER_GENERATE_SWIFT_ASSET_SYMBOL_EXTENSIONS = YES;
				CLANG_ANALYZER_NONNULL = YES;
				CLANG_ANALYZER_NUMBER_OBJECT_CONVERSION = YES_AGGRESSIVE;
				CLANG_CXX_LANGUAGE_STANDARD = "gnu++20";
				CLANG_ENABLE_MODULES = YES;
				CLANG_ENABLE_OBJC_ARC = YES;
				CLANG_ENABLE_OBJC_WEAK = YES;
				CLANG_WARN_BLOCK_CAPTURE_AUTORELEASING = YES;
				CLANG_WARN_BOOL_CONVERSION = YES;
				CLANG_WARN_COMMA = YES;
				CLANG_WARN_CONSTANT_CONVERSION = YES;
				CLANG_WARN_DEPRECATED_OBJC_IMPLEMENTATIONS = YES;
				CLANG_WARN_DIRECT_OBJC_ISA_USAGE = YES_ERROR;
				CLANG_WARN_DOCUMENTATION_COMMENTS = YES;
				CLANG_WARN_EMPTY_BODY = YES;
				CLANG_WARN_ENUM_CONVERSION = YES;
				CLANG_WARN_INFINITE_RECURSION = YES;
				CLANG_WARN_INT_CONVERSION = YES;
				CLANG_WARN_NON_LITERAL_NULL_CONVERSION = YES;
				CLANG_WARN_OBJC_IMPLICIT_RETAIN_SELF = YES;
				CLANG_WARN_OBJC_LITERAL_CONVERSION = YES;
				CLANG_WARN_OBJC_ROOT_CLASS = YES_ERROR;
				CLANG_WARN_QUOTED_INCLUDE_IN_FRAMEWORK_HEADER = YES;
				CLANG_WARN_RANGE_LOOP_ANALYSIS = YES;
				CLANG_WARN_STRICT_PROTOTYPES = YES;
				CLANG_WARN_SUSPICIOUS_MOVE = YES;
				CLANG_WARN_UNGUARDED_AVAILABILITY = YES_AGGRESSIVE;
				CLANG_WARN_UNREACHABLE_CODE = YES;
				CLANG_WARN__DUPLICATE_METHOD_MATCH = YES;
				COPY_PHASE_STRIP = NO;
				DEBUG_INFORMATION_FORMAT = "dwarf-with-dsym";
				DEVELOPMENT_TEAM = SQ949Q468V;
				ENABLE_NS_ASSERTIONS = NO;
				ENABLE_STRICT_OBJC_MSGSEND = YES;
				ENABLE_USER_SCRIPT_SANDBOXING = YES;
				GCC_C_LANGUAGE_STANDARD = gnu17;
				GCC_NO_COMMON_BLOCKS = YES;
				GCC_WARN_64_TO_32_BIT_CONVERSION = YES;
				GCC_WARN_ABOUT_RETURN_TYPE = YES_ERROR;
				GCC_WARN_UNDECLARED_SELECTOR = YES;
				GCC_WARN_UNINITIALIZED_AUTOS = YES_AGGRESSIVE;
				GCC_WARN_UNUSED_FUNCTION = YES;
				GCC_WARN_UNUSED_VARIABLE = YES;
				IPHONEOS_DEPLOYMENT_TARGET = 17.0;
				LOCALIZATION_PREFERS_STRING_CATALOGS = YES;
				MTL_ENABLE_DEBUG_INFO = NO;
				MTL_FAST_MATH = YES;
				SDKROOT = iphoneos;
				SWIFT_COMPILATION_MODE = wholemodule;
				VALIDATE_PRODUCT = YES;
			};
			name = Release;
		};
		C68187432F11ED6700558C0B /* Debug */ = {
			isa = XCBuildConfiguration;
			buildSettings = {
				ASSETCATALOG_COMPILER_APPICON_NAME = AppIcon;
				ASSETCATALOG_COMPILER_GLOBAL_ACCENT_COLOR_NAME = AccentColor;
				CODE_SIGN_STYLE = Automatic;
				CURRENT_PROJECT_VERSION = 2;
				DEVELOPMENT_TEAM = L49MKXGVM4;
				ENABLE_PREVIEWS = YES;
				GENERATE_INFOPLIST_FILE = YES;
				INFOPLIST_FILE = Peak/Info.plist;
				INFOPLIST_KEY_UIApplicationSceneManifest_Generation = YES;
				INFOPLIST_KEY_UIApplicationSupportsIndirectInputEvents = YES;
				INFOPLIST_KEY_UILaunchStoryboardName = LaunchScreen;
				INFOPLIST_KEY_UISupportedInterfaceOrientations_iPad = "UIInterfaceOrientationPortrait UIInterfaceOrientationPortraitUpsideDown UIInterfaceOrientationLandscapeLeft UIInterfaceOrientationLandscapeRight";
				INFOPLIST_KEY_UISupportedInterfaceOrientations_iPhone = "UIInterfaceOrientationPortrait UIInterfaceOrientationLandscapeLeft UIInterfaceOrientationLandscapeRight";
				LD_RUNPATH_SEARCH_PATHS = (
					"$(inherited)",
					"@executable_path/Frameworks",
				);
				MARKETING_VERSION = 1.0;
				PRODUCT_BUNDLE_IDENTIFIER = com.designprism.peak;
				PRODUCT_NAME = "$(TARGET_NAME)";
				STRING_CATALOG_GENERATE_SYMBOLS = YES;
				SWIFT_APPROACHABLE_CONCURRENCY = YES;
				SWIFT_DEFAULT_ACTOR_ISOLATION = MainActor;
				SWIFT_EMIT_LOC_STRINGS = YES;
				SWIFT_UPCOMING_FEATURE_MEMBER_IMPORT_VISIBILITY = YES;
				SWIFT_VERSION = 5.0;
				TARGETED_DEVICE_FAMILY = "1,2";
			};
			name = Debug;
		};
		C68187442F11ED6700558C0B /* Release */ = {
			isa = XCBuildConfiguration;
			buildSettings = {
				ASSETCATALOG_COMPILER_APPICON_NAME = AppIcon;
				ASSETCATALOG_COMPILER_GLOBAL_ACCENT_COLOR_NAME = AccentColor;
				CODE_SIGN_STYLE = Automatic;
				CURRENT_PROJECT_VERSION = 2;
				DEVELOPMENT_TEAM = L49MKXGVM4;
				ENABLE_PREVIEWS = YES;
				GENERATE_INFOPLIST_FILE = YES;
				INFOPLIST_FILE = Peak/Info.plist;
				INFOPLIST_KEY_UIApplicationSceneManifest_Generation = YES;
				INFOPLIST_KEY_UIApplicationSupportsIndirectInputEvents = YES;
				INFOPLIST_KEY_UILaunchStoryboardName = LaunchScreen;
				INFOPLIST_KEY_UISupportedInterfaceOrientations_iPad = "UIInterfaceOrientationPortrait UIInterfaceOrientationPortraitUpsideDown UIInterfaceOrientationLandscapeLeft UIInterfaceOrientationLandscapeRight";
				INFOPLIST_KEY_UISupportedInterfaceOrientations_iPhone = "UIInterfaceOrientationPortrait UIInterfaceOrientationLandscapeLeft UIInterfaceOrientationLandscapeRight";
				LD_RUNPATH_SEARCH_PATHS = (
					"$(inherited)",
					"@executable_path/Frameworks",
				);
				MARKETING_VERSION = 1.0;
				PRODUCT_BUNDLE_IDENTIFIER = com.designprism.peak;
				PRODUCT_NAME = "$(TARGET_NAME)";
				STRING_CATALOG_GENERATE_SYMBOLS = YES;
				SWIFT_APPROACHABLE_CONCURRENCY = YES;
				SWIFT_DEFAULT_ACTOR_ISOLATION = MainActor;
				SWIFT_EMIT_LOC_STRINGS = YES;
				SWIFT_UPCOMING_FEATURE_MEMBER_IMPORT_VISIBILITY = YES;
				SWIFT_VERSION = 5.0;
				TARGETED_DEVICE_FAMILY = "1,2";
			};
			name = Release;
		};
		D4F40F79562FC5D19F28F45E /* Debug */ = {
			isa = XCBuildConfiguration;
			buildSettings = {
				ALWAYS_EMBED_SWIFT_STANDARD_LIBRARIES = YES;
				BUNDLE_LOADER = "$(TEST_HOST)";
				CODE_SIGN_STYLE = Automatic;
				DEVELOPMENT_TEAM = SQ949Q468V;
				ENABLE_TESTABILITY = YES;
				GENERATE_INFOPLIST_FILE = YES;
				INFOPLIST_KEY_CFBundleDisplayName = "$(PRODUCT_NAME)";
				IPHONEOS_DEPLOYMENT_TARGET = 17.0;
				LD_RUNPATH_SEARCH_PATHS = (
					"$(inherited)",
					"@executable_path/Frameworks",
					"@loader_path/Frameworks",
				);
				PRODUCT_BUNDLE_IDENTIFIER = Prism.PeakTests;
				PRODUCT_NAME = "$(TARGET_NAME)";
				SWIFT_ACTIVE_COMPILATION_CONDITIONS = "DEBUG $(inherited)";
				SWIFT_DEFAULT_ACTOR_ISOLATION = MainActor;
				SWIFT_VERSION = 5.0;
				TARGETED_DEVICE_FAMILY = "1,2";
				TEST_HOST = "$(BUILT_PRODUCTS_DIR)/Peak.app/Peak";
			};
			name = Debug;
		};
		F630D01DA642FCC4BFD1A8D3 /* Debug */ = {
			isa = XCBuildConfiguration;
			buildSettings = {
				ALWAYS_EMBED_SWIFT_STANDARD_LIBRARIES = YES;
				CODE_SIGN_STYLE = Automatic;
				DEVELOPMENT_TEAM = SQ949Q468V;
				GENERATE_INFOPLIST_FILE = YES;
				INFOPLIST_KEY_CFBundleDisplayName = "$(PRODUCT_NAME)";
				IPHONEOS_DEPLOYMENT_TARGET = 17.0;
				LD_RUNPATH_SEARCH_PATHS = (
					"$(inherited)",
					"@executable_path/Frameworks",
					"@loader_path/Frameworks",
				);
				PRODUCT_BUNDLE_IDENTIFIER = Prism.PeakUITests;
				PRODUCT_NAME = "$(TARGET_NAME)";
				SWIFT_ACTIVE_COMPILATION_CONDITIONS = "DEBUG $(inherited)";
				SWIFT_DEFAULT_ACTOR_ISOLATION = MainActor;
				SWIFT_VERSION = 5.0;
				TARGETED_DEVICE_FAMILY = "1,2";
				TEST_TARGET_NAME = Peak;
			};
			name = Debug;
		};
/* End XCBuildConfiguration section */

/* Begin XCConfigurationList section */
		92D452FA1A4D5F6BC5023B9F /* Build configuration list for PBXNativeTarget "PeakUITests" */ = {
			isa = XCConfigurationList;
			buildConfigurations = (
				F630D01DA642FCC4BFD1A8D3 /* Debug */,
				3F5F239E5827FCE3190C0293 /* Release */,
			);
			defaultConfigurationIsVisible = 0;
			defaultConfigurationName = Release;
		};
		C68187322F11ED6600558C0B /* Build configuration list for PBXProject "Peak" */ = {
			isa = XCConfigurationList;
			buildConfigurations = (
				C68187402F11ED6700558C0B /* Debug */,
				C68187412F11ED6700558C0B /* Release */,
			);
			defaultConfigurationIsVisible = 0;
			defaultConfigurationName = Release;
		};
		C68187422F11ED6700558C0B /* Build configuration list for PBXNativeTarget "Peak" */ = {
			isa = XCConfigurationList;
			buildConfigurations = (
				C68187432F11ED6700558C0B /* Debug */,
				C68187442F11ED6700558C0B /* Release */,
			);
			defaultConfigurationIsVisible = 0;
			defaultConfigurationName = Release;
		};
		E485528A70F50CFC17B230DE /* Build configuration list for PBXNativeTarget "PeakTests" */ = {
			isa = XCConfigurationList;
			buildConfigurations = (
				D4F40F79562FC5D19F28F45E /* Debug */,
				2496D37F0CD0155519368B17 /* Release */,
			);
			defaultConfigurationIsVisible = 0;
			defaultConfigurationName = Release;
		};
/* End XCConfigurationList section */
	};
	rootObject = C681872F2F11ED6600558C0B /* Project object */;
}
