// !$*UTF8*$!
{
	archiveVersion = 1;
	classes = {
	};
	objectVersion = 77;
	objects = {

/* Begin PBXBuildFile section */
		072C5513ACE1CF85B536287E /* WidgetSnapshotTests.swift in Sources */ = {isa = PBXBuildFile; fileRef = 9F477A4A48D8B74FD308BFDC /* WidgetSnapshotTests.swift */; };
		0ECA65A2DC0B4AFAE096D9F1 /* SurfConditionsServiceTests.swift in Sources */ = {isa = PBXBuildFile; fileRef = A1BC124DE3B901E9AE51964B /* SurfConditionsServiceTests.swift */; };
		0F474B03CE0B08253DBFD97E /* PeakUILayoutTests.swift in Sources */ = {isa = PBXBuildFile; fileRef = 74D501A791D6CF37DED6AF29 /* PeakUILayoutTests.swift */; };
		1837B333160BF2C75B9CD7C2 /* WidgetSnapshot.swift in Sources */ = {isa = PBXBuildFile; fileRef = 4DF09065A64B3CE2F148FF7E /* WidgetSnapshot.swift */; };
		2188B04DCC24BD32715BC118 /* StatsCalculatorTests.swift in Sources */ = {isa = PBXBuildFile; fileRef = 78F6F799E313965C2DD76083 /* StatsCalculatorTests.swift */; };
		2B0E228F75563157A8E2986C /* SurfSessionTests.swift in Sources */ = {isa = PBXBuildFile; fileRef = 880A21955950230F25AF5567 /* SurfSessionTests.swift */; };
		2C139D21F17FD9095012B448 /* LastSessionWidget.swift in Sources */ = {isa = PBXBuildFile; fileRef = 0A999BE0B50E1870F1BF2380 /* LastSessionWidget.swift */; };
		358868331853B18B51C837FB /* SessionMediaStoreTests.swift in Sources */ = {isa = PBXBuildFile; fileRef = 6F29C53E1AD98A9FC900B62A /* SessionMediaStoreTests.swift */; };
		392275ADFFFF4D911F2D62EB /* PeakEcosystemUITests.swift in Sources */ = {isa = PBXBuildFile; fileRef = 796514DED282F04D9F568734 /* PeakEcosystemUITests.swift */; };
		3984E272CD71BC04F61C54E9 /* TestCalendar.swift in Sources */ = {isa = PBXBuildFile; fileRef = C4FCF17EAA8377C0E9036E02 /* TestCalendar.swift */; };
		4260220E92BED021416B7C1A /* StartSessionControl.swift in Sources */ = {isa = PBXBuildFile; fileRef = CFBF36EEAF289C74551BF3BC /* StartSessionControl.swift */; };
		482E4CCCD0030352220D6C8C /* SurfConditionsFormatterTests.swift in Sources */ = {isa = PBXBuildFile; fileRef = F4ECE0B09D95BE82074F1B00 /* SurfConditionsFormatterTests.swift */; };
		4CFC22D1E7C51D9F695AA10E /* StringNormalizationTests.swift in Sources */ = {isa = PBXBuildFile; fileRef = 26A895D3095D02B0F1A695F4 /* StringNormalizationTests.swift */; };
		7413F15157D91F3FE67B3559 /* SessionDraftTests.swift in Sources */ = {isa = PBXBuildFile; fileRef = 21BF522F943ED8B5B18FE99C /* SessionDraftTests.swift */; };
		788465225860A1733D5164F1 /* SessionLiveActivity.swift in Sources */ = {isa = PBXBuildFile; fileRef = FF05765D9DD128844D85CD5F /* SessionLiveActivity.swift */; };
		841E1AC9F011669CCD318549 /* MockURLProtocol.swift in Sources */ = {isa = PBXBuildFile; fileRef = DB3AEA77933DF7473CCFC502 /* MockURLProtocol.swift */; };
		90C99F6D1A72F4D0E5A49F2E /* TestingDefaults.swift in Sources */ = {isa = PBXBuildFile; fileRef = A6F91466E2C16A347C160444 /* TestingDefaults.swift */; };
		920866A0E1DADA671FC5D050 /* ModelContextHelpersTests.swift in Sources */ = {isa = PBXBuildFile; fileRef = 6921204B56DA894B33E4F9CF /* ModelContextHelpersTests.swift */; };
		9597D9DF66B36A10A188CC59 /* ModelContainerFactory.swift in Sources */ = {isa = PBXBuildFile; fileRef = 791FD3575E08D2622D768678 /* ModelContainerFactory.swift */; };
		9BA85D5432D7828668450A5E /* SessionActivityIntents.swift in Sources */ = {isa = PBXBuildFile; fileRef = 30323862348F233EC4D6A3AE /* SessionActivityIntents.swift */; };
		A1B2C3D4E5F60718293A4B5C /* ExportImportTests.swift in Sources */ = {isa = PBXBuildFile; fileRef = C1D2E3F4A5B60718293A4B5C /* ExportImportTests.swift */; };
		A667A8DE8E6A204D3E2A2176 /* Fixtures.swift in Sources */ = {isa = PBXBuildFile; fileRef = 5605A186B1C533239FC602B8 /* Fixtures.swift */; };
		AA9D6DEF88A0C5D2BF4ECBDD /* PeakUISmokeTests.swift in Sources */ = {isa = PBXBuildFile; fileRef = 38BAA22A80CFE37C18E3E7FE /* PeakUISmokeTests.swift */; };
		ABACC69AF61DF818692DAD9E /* SessionIntentQueriesTests.swift in Sources */ = {isa = PBXBuildFile; fileRef = AFB1E6C1413665E142724DEC /* SessionIntentQueriesTests.swift */; };
		AF704D2E0D3E42246E977D11 /* Foundation.framework in Frameworks */ = {isa = PBXBuildFile; fileRef = 9495C57AF8346FB7C641B5BA /* Foundation.framework */; };
		B14D6DE921734F8D77F493B0 /* StreakWidget.swift in Sources */ = {isa = PBXBuildFile; fileRef = 1474F68ABD4D51F33D22BA21 /* StreakWidget.swift */; };
		B2C3D4E5F60718293A4B5C6D /* UsageMetricsTests.swift in Sources */ = {isa = PBXBuildFile; fileRef = D2E3F4A5B60718293A4B5C6 /* UsageMetricsTests.swift */; };
		B3C4D5E6F708192A3B4C5D6E /* SpotLimitTests.swift in Sources */ = {isa = PBXBuildFile; fileRef = C2D3E4F5A60718293A4B5C6D /* SpotLimitTests.swift */; };
		B56DBC17D018E2BEB45AAE0D /* ModelMigrationTests.swift in Sources */ = {isa = PBXBuildFile; fileRef = C0B71610D698FEB68B9A4EC9 /* ModelMigrationTests.swift */; };
		C23EDFE7F38B8E59B736370E /* PeakWidgetBundle.swift in Sources */ = {isa = PBXBuildFile; fileRef = 1CC0AA429D7FFF3E60632E43 /* PeakWidgetBundle.swift */; };
		C4D5E6F7A8091A2B3C4D5E6F /* GearUsageCalculatorTests.swift in Sources */ = {isa = PBXBuildFile; fileRef = D4E5F6A7B8192C3D4E5F6A7B /* GearUsageCalculatorTests.swift */; };
		DDCE86212B55239B48BBDCD2 /* ActiveSession.swift in Sources */ = {isa = PBXBuildFile; fileRef = F517783014AC447F5664EF80 /* ActiveSession.swift */; };
		F4100A0A26E9ACFC5F8D4C9C /* SessionActivityController.swift in Sources */ = {isa = PBXBuildFile; fileRef = 0E775D851C1A3E627A3B12C1 /* SessionActivityController.swift */; };
		F522E7B518DE4C852A512952 /* PeakWidgets.appex in Embed Foundation Extensions */ = {isa = PBXBuildFile; fileRef = 0C6CF0A08C57595EF7341FE6 /* PeakWidgets.appex */; settings = {ATTRIBUTES = (RemoveHeadersOnCopy, ); }; };
		F699E83C23E52D4348F7B500 /* ActiveSessionTests.swift in Sources */ = {isa = PBXBuildFile; fileRef = FC886C42F2EA3E70A95563AD /* ActiveSessionTests.swift */; };
		F79CDFFA9E58DFDCBA8D07F5 /* HistoryFiltersTests.swift in Sources */ = {isa = PBXBuildFile; fileRef = 33EF7BF02A435F3569194E6B /* HistoryFiltersTests.swift */; };
		FBC899658BA8F1CE9DB7D74E /* WidgetSupport.swift in Sources */ = {isa = PBXBuildFile; fileRef = DC27929BB7D0F0371E7D3A2A /* WidgetSupport.swift */; };
		FFAAAC738BB4186B07B9B4BA /* ContrastTests.swift in Sources */ = {isa = PBXBuildFile; fileRef = 1D8F433E410B9B7E11DCE8B2 /* ContrastTests.swift */; };
/* End PBXBuildFile section */

/* Begin PBXContainerItemProxy section */
		0225C609CC460392CB607C86 /* PBXContainerItemProxy */ = {
			isa = PBXContainerItemProxy;
			containerPortal = C681872F2F11ED6600558C0B /* Project object */;
			proxyType = 1;
			remoteGlobalIDString = C68187362F11ED6600558C0B;
			remoteInfo = Peak;
		};
		21FC904FC53B9FABF257F632 /* PBXContainerItemProxy */ = {
			isa = PBXContainerItemProxy;
			containerPortal = C681872F2F11ED6600558C0B /* Project object */;
			proxyType = 1;
			remoteGlobalIDString = C68187362F11ED6600558C0B;
			remoteInfo = Peak;
		};
		A8B27B2CDCFE1A934BA0974B /* PBXContainerItemProxy */ = {
			isa = PBXContainerItemProxy;
			containerPortal = C681872F2F11ED6600558C0B /* Project object */;
			proxyType = 1;
			remoteGlobalIDString = 38260FA3214C9D0DCD38B495;
			remoteInfo = PeakWidgets;
		};
/* End PBXContainerItemProxy section */

/* Begin PBXCopyFilesBuildPhase section */
		431B7840D243B1B077B74D8E /* Embed Foundation Extensions */ = {
			isa = PBXCopyFilesBuildPhase;
			buildActionMask = 2147483647;
			dstPath = "";
			dstSubfolderSpec = 13;
			files = (
				F522E7B518DE4C852A512952 /* PeakWidgets.appex in Embed Foundation Extensions */,
			);
			name = "Embed Foundation Extensions";
			runOnlyForDeploymentPostprocessing = 0;
		};
/* End PBXCopyFilesBuildPhase section */

/* Begin PBXFileReference section */
		0A999BE0B50E1870F1BF2380 /* LastSessionWidget.swift */ = {isa = PBXFileReference; includeInIndex = 1; lastKnownFileType = sourcecode.swift; path = LastSessionWidget.swift; sourceTree = "<group>"; };
		0C6CF0A08C57595EF7341FE6 /* PeakWidgets.appex */ = {isa = PBXFileReference; explicitFileType = "wrapper.app-extension"; includeInIndex = 0; path = PeakWidgets.appex; sourceTree = BUILT_PRODUCTS_DIR; };
		0E775D851C1A3E627A3B12C1 /* SessionActivityController.swift */ = {isa = PBXFileReference; includeInIndex = 1; lastKnownFileType = sourcecode.swift; name = SessionActivityController.swift; path = ../Peak/SessionActivityController.swift; sourceTree = "<group>"; };
		1474F68ABD4D51F33D22BA21 /* StreakWidget.swift */ = {isa = PBXFileReference; includeInIndex = 1; lastKnownFileType = sourcecode.swift; path = StreakWidget.swift; sourceTree = "<group>"; };
		1CC0AA429D7FFF3E60632E43 /* PeakWidgetBundle.swift */ = {isa = PBXFileReference; includeInIndex = 1; lastKnownFileType = sourcecode.swift; path = PeakWidgetBundle.swift; sourceTree = "<group>"; };
		1D8F433E410B9B7E11DCE8B2 /* ContrastTests.swift */ = {isa = PBXFileReference; lastKnownFileType = sourcecode.swift; path = ContrastTests.swift; sourceTree = "<group>"; };
		21BF522F943ED8B5B18FE99C /* SessionDraftTests.swift */ = {isa = PBXFileReference; lastKnownFileType = sourcecode.swift; path = SessionDraftTests.swift; sourceTree = "<group>"; };
		26A895D3095D02B0F1A695F4 /* StringNormalizationTests.swift */ = {isa = PBXFileReference; lastKnownFileType = sourcecode.swift; path = StringNormalizationTests.swift; sourceTree = "<group>"; };
		2C833DD8C1DF342D22A64A71 /* PeakTests.xctest */ = {isa = PBXFileReference; explicitFileType = wrapper.cfbundle; includeInIndex = 0; path = PeakTests.xctest; sourceTree = BUILT_PRODUCTS_DIR; };
		30323862348F233EC4D6A3AE /* SessionActivityIntents.swift */ = {isa = PBXFileReference; includeInIndex = 1; lastKnownFileType = sourcecode.swift; name = SessionActivityIntents.swift; path = ../Peak/SessionActivityIntents.swift; sourceTree = "<group>"; };
		33EF7BF02A435F3569194E6B /* HistoryFiltersTests.swift */ = {isa = PBXFileReference; lastKnownFileType = sourcecode.swift; path = HistoryFiltersTests.swift; sourceTree = "<group>"; };
		38BAA22A80CFE37C18E3E7FE /* PeakUISmokeTests.swift */ = {isa = PBXFileReference; lastKnownFileType = sourcecode.swift; path = PeakUISmokeTests.swift; sourceTree = "<group>"; };
		4DF09065A64B3CE2F148FF7E /* WidgetSnapshot.swift */ = {isa = PBXFileReference; includeInIndex = 1; lastKnownFileType = sourcecode.swift; name = WidgetSnapshot.swift; path = ../Peak/WidgetSnapshot.swift; sourceTree = "<group>"; };
		5605A186B1C533239FC602B8 /* Fixtures.swift */ = {isa = PBXFileReference; lastKnownFileType = sourcecode.swift; path = Support/Fixtures.swift; sourceTree = "<group>"; };
		6921204B56DA894B33E4F9CF /* ModelContextHelpersTests.swift */ = {isa = PBXFileReference; lastKnownFileType = sourcecode.swift; path = ModelContextHelpersTests.swift; sourceTree = "<group>"; };
		6E38035EBCFEBDBFEA1E34E3 /* PeakUITests.xctest */ = {isa = PBXFileReference; explicitFileType = wrapper.cfbundle; includeInIndex = 0; path = PeakUITests.xctest; sourceTree = BUILT_PRODUCTS_DIR; };
		6F29C53E1AD98A9FC900B62A /* SessionMediaStoreTests.swift */ = {isa = PBXFileReference; lastKnownFileType = sourcecode.swift; path = SessionMediaStoreTests.swift; sourceTree = "<group>"; };
		74D501A791D6CF37DED6AF29 /* PeakUILayoutTests.swift */ = {isa = PBXFileReference; lastKnownFileType = sourcecode.swift; path = PeakUILayoutTests.swift; sourceTree = "<group>"; };
		78F6F799E313965C2DD76083 /* StatsCalculatorTests.swift */ = {isa = PBXFileReference; lastKnownFileType = sourcecode.swift; path = StatsCalculatorTests.swift; sourceTree = "<group>"; };
		791FD3575E08D2622D768678 /* ModelContainerFactory.swift */ = {isa = PBXFileReference; lastKnownFileType = sourcecode.swift; path = Support/ModelContainerFactory.swift; sourceTree = "<group>"; };
		796514DED282F04D9F568734 /* PeakEcosystemUITests.swift */ = {isa = PBXFileReference; includeInIndex = 1; lastKnownFileType = sourcecode.swift; path = PeakEcosystemUITests.swift; sourceTree = "<group>"; };
		880A21955950230F25AF5567 /* SurfSessionTests.swift */ = {isa = PBXFileReference; lastKnownFileType = sourcecode.swift; path = SurfSessionTests.swift; sourceTree = "<group>"; };
		9495C57AF8346FB7C641B5BA /* Foundation.framework */ = {isa = PBXFileReference; lastKnownFileType = wrapper.framework; name = Foundation.framework; path = Platforms/iPhoneOS.platform/Developer/SDKs/iPhoneOS18.0.sdk/System/Library/Frameworks/Foundation.framework; sourceTree = DEVELOPER_DIR; };
		9F477A4A48D8B74FD308BFDC /* WidgetSnapshotTests.swift */ = {isa = PBXFileReference; includeInIndex = 1; lastKnownFileType = sourcecode.swift; path = WidgetSnapshotTests.swift; sourceTree = "<group>"; };
		A1BC124DE3B901E9AE51964B /* SurfConditionsServiceTests.swift */ = {isa = PBXFileReference; lastKnownFileType = sourcecode.swift; path = SurfConditionsServiceTests.swift; sourceTree = "<group>"; };
		A6F91466E2C16A347C160444 /* TestingDefaults.swift */ = {isa = PBXFileReference; includeInIndex = 1; lastKnownFileType = sourcecode.swift; name = TestingDefaults.swift; path = ../Peak/Supporting/TestingDefaults.swift; sourceTree = "<group>"; };
		AFB1E6C1413665E142724DEC /* SessionIntentQueriesTests.swift */ = {isa = PBXFileReference; includeInIndex = 1; lastKnownFileType = sourcecode.swift; path = SessionIntentQueriesTests.swift; sourceTree = "<group>"; };
		C0B71610D698FEB68B9A4EC9 /* ModelMigrationTests.swift */ = {isa = PBXFileReference; lastKnownFileType = sourcecode.swift; path = ModelMigrationTests.swift; sourceTree = "<group>"; };
		C1D2E3F4A5B60718293A4B5C /* ExportImportTests.swift */ = {isa = PBXFileReference; lastKnownFileType = sourcecode.swift; path = ExportImportTests.swift; sourceTree = "<group>"; };
		C2D3E4F5A60718293A4B5C6D /* SpotLimitTests.swift */ = {isa = PBXFileReference; lastKnownFileType = sourcecode.swift; path = SpotLimitTests.swift; sourceTree = "<group>"; };
		C4FCF17EAA8377C0E9036E02 /* TestCalendar.swift */ = {isa = PBXFileReference; lastKnownFileType = sourcecode.swift; path = Support/TestCalendar.swift; sourceTree = "<group>"; };
		C68187372F11ED6600558C0B /* Peak.app */ = {isa = PBXFileReference; explicitFileType = wrapper.application; includeInIndex = 0; path = Peak.app; sourceTree = BUILT_PRODUCTS_DIR; };
		CFBF36EEAF289C74551BF3BC /* StartSessionControl.swift */ = {isa = PBXFileReference; includeInIndex = 1; lastKnownFileType = sourcecode.swift; name = StartSessionControl.swift; path = StartSessionControl.swift; sourceTree = "<group>"; };
		D2E3F4A5B60718293A4B5C6 /* UsageMetricsTests.swift */ = {isa = PBXFileReference; lastKnownFileType = sourcecode.swift; path = UsageMetricsTests.swift; sourceTree = "<group>"; };
		D4E5F6A7B8192C3D4E5F6A7B /* GearUsageCalculatorTests.swift */ = {isa = PBXFileReference; lastKnownFileType = sourcecode.swift; path = GearUsageCalculatorTests.swift; sourceTree = "<group>"; };
		DB3AEA77933DF7473CCFC502 /* MockURLProtocol.swift */ = {isa = PBXFileReference; lastKnownFileType = sourcecode.swift; path = Support/MockURLProtocol.swift; sourceTree = "<group>"; };
		DC27929BB7D0F0371E7D3A2A /* WidgetSupport.swift */ = {isa = PBXFileReference; includeInIndex = 1; lastKnownFileType = sourcecode.swift; path = WidgetSupport.swift; sourceTree = "<group>"; };
		F4ECE0B09D95BE82074F1B00 /* SurfConditionsFormatterTests.swift */ = {isa = PBXFileReference; lastKnownFileType = sourcecode.swift; path = SurfConditionsFormatterTests.swift; sourceTree = "<group>"; };
		F517783014AC447F5664EF80 /* ActiveSession.swift */ = {isa = PBXFileReference; includeInIndex = 1; lastKnownFileType = sourcecode.swift; name = ActiveSession.swift; path = ../Peak/ActiveSession.swift; sourceTree = "<group>"; };
		FC886C42F2EA3E70A95563AD /* ActiveSessionTests.swift */ = {isa = PBXFileReference; includeInIndex = 1; lastKnownFileType = sourcecode.swift; path = ActiveSessionTests.swift; sourceTree = "<group>"; };
		FF05765D9DD128844D85CD5F /* SessionLiveActivity.swift */ = {isa = PBXFileReference; includeInIndex = 1; lastKnownFileType = sourcecode.swift; name = SessionLiveActivity.swift; path = SessionLiveActivity.swift; sourceTree = "<group>"; };
/* End PBXFileReference section */

/* Begin PBXFileSystemSynchronizedBuildFileExceptionSet section */
		C6818E702F12C9A800558C0B /* Exceptions for "Peak" folder in "Peak" target */ = {
			isa = PBXFileSystemSynchronizedBuildFileExceptionSet;
			membershipExceptions = (
				Info.plist,
			);
			target = C68187362F11ED6600558C0B /* Peak */;
		};
/* End PBXFileSystemSynchronizedBuildFileExceptionSet section */

/* Begin PBXFileSystemSynchronizedRootGroup section */
		C68187392F11ED6600558C0B /* Peak */ = {
			isa = PBXFileSystemSynchronizedRootGroup;
			exceptions = (
				C6818E702F12C9A800558C0B /* Exceptions for "Peak" folder in "Peak" target */,
			);
			path = Peak;
			sourceTree = "<group>";
		};
/* End PBXFileSystemSynchronizedRootGroup section */

/* Begin PBXFrameworksBuildPhase section */
		36AC397850C6E3ED6FED20F1 /* Frameworks */ = {
			isa = PBXFrameworksBuildPhase;
			buildActionMask = 2147483647;
			files = (
			);
			runOnlyForDeploymentPostprocessing = 0;
		};
		4AB57EDAEB00196B065F5361 /* Frameworks */ = {
			isa = PBXFrameworksBuildPhase;
			buildActionMask = 2147483647;
			files = (
				AF704D2E0D3E42246E977D11 /* Foundation.framework in Frameworks */,
			);
			runOnlyForDeploymentPostprocessing = 0;
		};
		A4F44E861BBF7B83F6C4E280 /* Frameworks */ = {
			isa = PBXFrameworksBuildPhase;
			buildActionMask = 2147483647;
			files = (
			);
			runOnlyForDeploymentPostprocessing = 0;
		};
		C68187342F11ED6600558C0B /* Frameworks */ = {
			isa = PBXFrameworksBuildPhase;
			buildActionMask = 2147483647;
			files = (
			);
			runOnlyForDeploymentPostprocessing = 0;
		};
/* End PBXFrameworksBuildPhase section */

/* Begin PBXGroup section */
		496848EE252308651AD96261 /* iOS */ = {
			isa = PBXGroup;
			children = (
				9495C57AF8346FB7C641B5BA /* Foundation.framework */,
			);
			name = iOS;
			sourceTree = "<group>";
		};
		5AFAAE70930F065453255ACD /* PeakWidgets */ = {
			isa = PBXGroup;
			children = (
				1CC0AA429D7FFF3E60632E43 /* PeakWidgetBundle.swift */,
				DC27929BB7D0F0371E7D3A2A /* WidgetSupport.swift */,
				1474F68ABD4D51F33D22BA21 /* StreakWidget.swift */,
				0A999BE0B50E1870F1BF2380 /* LastSessionWidget.swift */,
				4DF09065A64B3CE2F148FF7E /* WidgetSnapshot.swift */,
				FF05765D9DD128844D85CD5F /* SessionLiveActivity.swift */,
				CFBF36EEAF289C74551BF3BC /* StartSessionControl.swift */,
				F517783014AC447F5664EF80 /* ActiveSession.swift */,
				0E775D851C1A3E627A3B12C1 /* SessionActivityController.swift */,
				30323862348F233EC4D6A3AE /* SessionActivityIntents.swift */,
				A6F91466E2C16A347C160444 /* TestingDefaults.swift */,
			);
			name = PeakWidgets;
			path = PeakWidgets;
			sourceTree = "<group>";
		};
		610CED25A0BBC4207ED2FBBC /* Frameworks */ = {
			isa = PBXGroup;
			children = (
				496848EE252308651AD96261 /* iOS */,
			);
			name = Frameworks;
			sourceTree = "<group>";
		};
		9F385642052F2D93EAA110D9 /* PeakTests */ = {
			isa = PBXGroup;
			children = (
				1D8F433E410B9B7E11DCE8B2 /* ContrastTests.swift */,
				C1D2E3F4A5B60718293A4B5C /* ExportImportTests.swift */,
				C0B71610D698FEB68B9A4EC9 /* ModelMigrationTests.swift */,
				D4E5F6A7B8192C3D4E5F6A7B /* GearUsageCalculatorTests.swift */,
				C2D3E4F5A60718293A4B5C6D /* SpotLimitTests.swift */,
				D2E3F4A5B60718293A4B5C6 /* UsageMetricsTests.swift */,
				A1BC124DE3B901E9AE51964B /* SurfConditionsServiceTests.swift */,
				6F29C53E1AD98A9FC900B62A /* SessionMediaStoreTests.swift */,
				DB3AEA77933DF7473CCFC502 /* MockURLProtocol.swift */,
				C4FCF17EAA8377C0E9036E02 /* TestCalendar.swift */,
				5605A186B1C533239FC602B8 /* Fixtures.swift */,
				791FD3575E08D2622D768678 /* ModelContainerFactory.swift */,
				26A895D3095D02B0F1A695F4 /* StringNormalizationTests.swift */,
				880A21955950230F25AF5567 /* SurfSessionTests.swift */,
				21BF522F943ED8B5B18FE99C /* SessionDraftTests.swift */,
				F4ECE0B09D95BE82074F1B00 /* SurfConditionsFormatterTests.swift */,
				78F6F799E313965C2DD76083 /* StatsCalculatorTests.swift */,
				33EF7BF02A435F3569194E6B /* HistoryFiltersTests.swift */,
				6921204B56DA894B33E4F9CF /* ModelContextHelpersTests.swift */,
				9F477A4A48D8B74FD308BFDC /* WidgetSnapshotTests.swift */,
				FC886C42F2EA3E70A95563AD /* ActiveSessionTests.swift */,
				AFB1E6C1413665E142724DEC /* SessionIntentQueriesTests.swift */,
			);
			path = PeakTests;
			sourceTree = "<group>";
		};
		B93D608A751F8030DA2E441E /* PeakUITests */ = {
			isa = PBXGroup;
			children = (
				74D501A791D6CF37DED6AF29 /* PeakUILayoutTests.swift */,
				38BAA22A80CFE37C18E3E7FE /* PeakUISmokeTests.swift */,
				796514DED282F04D9F568734 /* PeakEcosystemUITests.swift */,
			);
			path = PeakUITests;
			sourceTree = "<group>";
		};
		C681872E2F11ED6600558C0B = {
			isa = PBXGroup;
			children = (
				C68187392F11ED6600558C0B /* Peak */,
				9F385642052F2D93EAA110D9 /* PeakTests */,
				B93D608A751F8030DA2E441E /* PeakUITests */,
				C68187382F11ED6600558C0B /* Products */,
				610CED25A0BBC4207ED2FBBC /* Frameworks */,
				5AFAAE70930F065453255ACD /* PeakWidgets */,
			);
			sourceTree = "<group>";
		};
		C68187382F11ED6600558C0B /* Products */ = {
			isa = PBXGroup;
			children = (
				C68187372F11ED6600558C0B /* Peak.app */,
				2C833DD8C1DF342D22A64A71 /* PeakTests.xctest */,
				6E38035EBCFEBDBFEA1E34E3 /* PeakUITests.xctest */,
				0C6CF0A08C57595EF7341FE6 /* PeakWidgets.appex */,
			);
			name = Products;
			sourceTree = "<group>";
		};
/* End PBXGroup section */

/* Begin PBXNativeTarget section */
		32BD4AA3B5C81D3A45DD2822 /* PeakUITests */ = {
			isa = PBXNativeTarget;
			buildConfigurationList = 92D452FA1A4D5F6BC5023B9F /* Build configuration list for PBXNativeTarget "PeakUITests" */;
			buildPhases = (
				3DEBB45D0C6F45200247E556 /* Sources */,
				A4F44E861BBF7B83F6C4E280 /* Frameworks */,
				E814A30BBD152D3124EAA32D /* Resources */,
			);
			buildRules = (
			);
			dependencies = (
				34BB6F1535EF61D1D0750337 /* PBXTargetDependency */,
			);
			name = PeakUITests;
			productName = PeakUITests;
			productReference = 6E38035EBCFEBDBFEA1E34E3 /* PeakUITests.xctest */;
			productType = "com.apple.product-type.bundle.ui-testing";
		};
		38260FA3214C9D0DCD38B495 /* PeakWidgets */ = {
			isa = PBXNativeTarget;
			buildConfigurationList = 970BF17A896E81C1FA0AA483 /* Build configuration list for PBXNativeTarget "PeakWidgets" */;
			buildPhases = (
				0186EE2613AA4E226D6DAA91 /* Sources */,
				4AB57EDAEB00196B065F5361 /* Frameworks */,
				79231DA68865E1D0410A34C2 /* Resources */,
			);
			buildRules = (
			);
			dependencies = (
			);
			name = PeakWidgets;
			productName = PeakWidgets;
			productReference = 0C6CF0A08C57595EF7341FE6 /* PeakWidgets.appex */;
			productType = "com.apple.product-type.app-extension";
		};
		64B2634DCF3121EEAE9100AA /* PeakTests */ = {
			isa = PBXNativeTarget;
			buildConfigurationList = E485528A70F50CFC17B230DE /* Build configuration list for PBXNativeTarget "PeakTests" */;
			buildPhases = (
				1737B4E73F386BAC0ED64D44 /* Sources */,
				36AC397850C6E3ED6FED20F1 /* Frameworks */,
				87EB63245CBAFAEEE87C80DA /* Resources */,
			);
			buildRules = (
			);
			dependencies = (
				3A8AFD73547F4ED7577521DF /* PBXTargetDependency */,
			);
			name = PeakTests;
			productName = PeakTests;
			productReference = 2C833DD8C1DF342D22A64A71 /* PeakTests.xctest */;
			productType = "com.apple.product-type.bundle.unit-test";
		};
		C68187362F11ED6600558C0B /* Peak */ = {
			isa = PBXNativeTarget;
			buildConfigurationList = C68187422F11ED6700558C0B /* Build configuration list for PBXNativeTarget "Peak" */;
			buildPhases = (
				C68187332F11ED6600558C0B /* Sources */,
				C68187342F11ED6600558C0B /* Frameworks */,
				C68187352F11ED6600558C0B /* Resources */,
				431B7840D243B1B077B74D8E /* Embed Foundation Extensions */,
			);
			buildRules = (
			);
			dependencies = (
				041C55ACEB5B4E41C6FA7BAD /* PBXTargetDependency */,
			);
			fileSystemSynchronizedGroups = (
				C68187392F11ED6600558C0B /* Peak */,
			);
			name = Peak;
			productName = Peak;
			productReference = C68187372F11ED6600558C0B /* Peak.app */;
			productType = "com.apple.product-type.application";
		};
/* End PBXNativeTarget section */

/* Begin PBXProject section */
		C681872F2F11ED6600558C0B /* Project object */ = {
			isa = PBXProject;
			attributes = {
				BuildIndependentTargetsInParallel = 1;
				LastSwiftUpdateCheck = 2620;
				LastUpgradeCheck = 2620;
				TargetAttributes = {
					32BD4AA3B5C81D3A45DD2822 = {
						CreatedOnToolsVersion = 26.2;
						TestTargetID = C68187362F11ED6600558C0B;
					};
					64B2634DCF3121EEAE9100AA = {
						CreatedOnToolsVersion = 26.2;
						TestTargetID = C68187362F11ED6600558C0B;
					};
					C68187362F11ED6600558C0B = {
						CreatedOnToolsVersion = 26.2;
					};
				};
			};
			buildConfigurationList = C68187322F11ED6600558C0B /* Build configuration list for PBXProject "Peak" */;
			developmentRegion = en;
			hasScannedForEncodings = 0;
			knownRegions = (
				en,
				Base,
			);
			mainGroup = C681872E2F11ED6600558C0B;
			minimizedProjectReferenceProxies = 1;
			preferredProjectObjectVersion = 77;
			productRefGroup = C68187382F11ED6600558C0B /* Products */;
			projectDirPath = "";
			projectRoot = "";
			targets = (
				C68187362F11ED6600558C0B /* Peak */,
				64B2634DCF3121EEAE9100AA /* PeakTests */,
				32BD4AA3B5C81D3A45DD2822 /* PeakUITests */,
				38260FA3214C9D0DCD38B495 /* PeakWidgets */,
			);
		};
/* End PBXProject section */

/* Begin PBXResourcesBuildPhase section */
		79231DA68865E1D0410A34C2 /* Resources */ = {
			isa = PBXResourcesBuildPhase;
			buildActionMask = 2147483647;
			files = (
			);
			runOnlyForDeploymentPostprocessing = 0;
		};
		87EB63245CBAFAEEE87C80DA /* Resources */ = {
			isa = PBXResourcesBuildPhase;
			buildActionMask = 2147483647;
			files = (
			);
			runOnlyForDeploymentPostprocessing = 0;
		};
		C68187352F11ED6600558C0B /* Resources */ = {
			isa = PBXResourcesBuildPhase;
			buildActionMask = 2147483647;
			files = (
			);
			runOnlyForDeploymentPostprocessing = 0;
		};
		E814A30BBD152D3124EAA32D /* Resources */ = {
			isa = PBXResourcesBuildPhase;
			buildActionMask = 2147483647;
			files = (
			);
			runOnlyForDeploymentPostprocessing = 0;
		};
/* End PBXResourcesBuildPhase section */

/* Begin PBXSourcesBuildPhase section */
		0186EE2613AA4E226D6DAA91 /* Sources */ = {
			isa = PBXSourcesBuildPhase;
			buildActionMask = 2147483647;
			files = (
				C23EDFE7F38B8E59B736370E /* PeakWidgetBundle.swift in Sources */,
				FBC899658BA8F1CE9DB7D74E /* WidgetSupport.swift in Sources */,
				B14D6DE921734F8D77F493B0 /* StreakWidget.swift in Sources */,
				2C139D21F17FD9095012B448 /* LastSessionWidget.swift in Sources */,
				1837B333160BF2C75B9CD7C2 /* WidgetSnapshot.swift in Sources */,
				788465225860A1733D5164F1 /* SessionLiveActivity.swift in Sources */,
				4260220E92BED021416B7C1A /* StartSessionControl.swift in Sources */,
				DDCE86212B55239B48BBDCD2 /* ActiveSession.swift in Sources */,
				F4100A0A26E9ACFC5F8D4C9C /* SessionActivityController.swift in Sources */,
				9BA85D5432D7828668450A5E /* SessionActivityIntents.swift in Sources */,
				90C99F6D1A72F4D0E5A49F2E /* TestingDefaults.swift in Sources */,
			);
			runOnlyForDeploymentPostprocessing = 0;
		};
		1737B4E73F386BAC0ED64D44 /* Sources */ = {
			isa = PBXSourcesBuildPhase;
			buildActionMask = 2147483647;
			files = (
				FFAAAC738BB4186B07B9B4BA /* ContrastTests.swift in Sources */,
				A1B2C3D4E5F60718293A4B5C /* ExportImportTests.swift in Sources */,
				B56DBC17D018E2BEB45AAE0D /* ModelMigrationTests.swift in Sources */,
				C4D5E6F7A8091A2B3C4D5E6F /* GearUsageCalculatorTests.swift in Sources */,
				B3C4D5E6F708192A3B4C5D6E /* SpotLimitTests.swift in Sources */,
				B2C3D4E5F60718293A4B5C6D /* UsageMetricsTests.swift in Sources */,
				0ECA65A2DC0B4AFAE096D9F1 /* SurfConditionsServiceTests.swift in Sources */,
				358868331853B18B51C837FB /* SessionMediaStoreTests.swift in Sources */,
				841E1AC9F011669CCD318549 /* MockURLProtocol.swift in Sources */,
				3984E272CD71BC04F61C54E9 /* TestCalendar.swift in Sources */,
				A667A8DE8E6A204D3E2A2176 /* Fixtures.swift in Sources */,
				9597D9DF66B36A10A188CC59 /* ModelContainerFactory.swift in Sources */,
				4CFC22D1E7C51D9F695AA10E /* StringNormalizationTests.swift in Sources */,
				2B0E228F75563157A8E2986C /* SurfSessionTests.swift in Sources */,
				7413F15157D91F3FE67B3559 /* SessionDraftTests.swift in Sources */,
				482E4CCCD0030352220D6C8C /* SurfConditionsFormatterTests.swift in Sources */,
				2188B04DCC24BD32715BC118 /* StatsCalculatorTests.swift in Sources */,
				F79CDFFA9E58DFDCBA8D07F5 /* HistoryFiltersTests.swift in Sources */,
				920866A0E1DADA671FC5D050 /* ModelContextHelpersTests.swift in Sources */,
				072C5513ACE1CF85B536287E /* WidgetSnapshotTests.swift in Sources */,
				F699E83C23E52D4348F7B500 /* ActiveSessionTests.swift in Sources */,
				ABACC69AF61DF818692DAD9E /* SessionIntentQueriesTests.swift in Sources */,
			);
			runOnlyForDeploymentPostprocessing = 0;
		};
		3DEBB45D0C6F45200247E556 /* Sources */ = {
			isa = PBXSourcesBuildPhase;
			buildActionMask = 2147483647;
			files = (
				0F474B03CE0B08253DBFD97E /* PeakUILayoutTests.swift in Sources */,
				AA9D6DEF88A0C5D2BF4ECBDD /* PeakUISmokeTests.swift in Sources */,
				392275ADFFFF4D911F2D62EB /* PeakEcosystemUITests.swift in Sources */,
			);
			runOnlyForDeploymentPostprocessing = 0;
		};
		C68187332F11ED6600558C0B /* Sources */ = {
			isa = PBXSourcesBuildPhase;
			buildActionMask = 2147483647;
			files = (
			);
			runOnlyForDeploymentPostprocessing = 0;
		};
/* End PBXSourcesBuildPhase section */

/* Begin PBXTargetDependency section */
		041C55ACEB5B4E41C6FA7BAD /* PBXTargetDependency */ = {
			isa = PBXTargetDependency;
			name = PeakWidgets;
			target = 38260FA3214C9D0DCD38B495 /* PeakWidgets */;
			targetProxy = A8B27B2CDCFE1A934BA0974B /* PBXContainerItemProxy */;
		};
		34BB6F1535EF61D1D0750337 /* PBXTargetDependency */ = {
			isa = PBXTargetDependency;
			target = C68187362F11ED6600558C0B /* Peak */;
			targetProxy = 21FC904FC53B9FABF257F632 /* PBXContainerItemProxy */;
		};
		3A8AFD73547F4ED7577521DF /* PBXTargetDependency */ = {
			isa = PBXTargetDependency;
			target = C68187362F11ED6600558C0B /* Peak */;
			targetProxy = 0225C609CC460392CB607C86 /* PBXContainerItemProxy */;
		};
/* End PBXTargetDependency section */

/* Begin XCBuildConfiguration section */
		2496D37F0CD0155519368B17 /* Release */ = {
			isa = XCBuildConfiguration;
			buildSettings = {
				ALWAYS_EMBED_SWIFT_STANDARD_LIBRARIES = YES;
				BUNDLE_LOADER = "$(TEST_HOST)";
				CODE_SIGN_STYLE = Automatic;
				DEVELOPMENT_TEAM = SQ949Q468V;
				GENERATE_INFOPLIST_FILE = YES;
				INFOPLIST_KEY_CFBundleDisplayName = "$(PRODUCT_NAME)";
				IPHONEOS_DEPLOYMENT_TARGET = 17.0;
				LD_RUNPATH_SEARCH_PATHS = (
					"$(inherited)",
					"@executable_path/Frameworks",
					"@loader_path/Frameworks",
				);
				PRODUCT_BUNDLE_IDENTIFIER = Prism.PeakTests;
				PRODUCT_NAME = "$(TARGET_NAME)";
				SWIFT_DEFAULT_ACTOR_ISOLATION = MainActor;
				SWIFT_VERSION = 5.0;
				TARGETED_DEVICE_FAMILY = "1,2";
				TEST_HOST = "$(BUILT_PRODUCTS_DIR)/Peak.app/Peak";
			};
			name = Release;
		};
		3F5F239E5827FCE3190C0293 /* Release */ = {
			isa = XCBuildConfiguration;
			buildSettings = {
				ALWAYS_EMBED_SWIFT_STANDARD_LIBRARIES = YES;
				CODE_SIGN_STYLE = Automatic;
				DEVELOPMENT_TEAM = SQ949Q468V;
				GENERATE_INFOPLIST_FILE = YES;
				INFOPLIST_KEY_CFBundleDisplayName = "$(PRODUCT_NAME)";
				IPHONEOS_DEPLOYMENT_TARGET = 17.0;
				LD_RUNPATH_SEARCH_PATHS = (
					"$(inherited)",
					"@executable_path/Frameworks",
					"@loader_path/Frameworks",
				);
				PRODUCT_BUNDLE_IDENTIFIER = Prism.PeakUITests;
				PRODUCT_NAME = "$(TARGET_NAME)";
				SWIFT_DEFAULT_ACTOR_ISOLATION = MainActor;
				SWIFT_VERSION = 5.0;
				TARGETED_DEVICE_FAMILY = "1,2";
				TEST_TARGET_NAME = Peak;
			};
			name = Release;
		};
		4570B5F0F606DE6DE33C1E28 /* Release */ = {
			isa = XCBuildConfiguration;
			buildSettings = {
				CLANG_ENABLE_OBJC_WEAK = NO;
				CODE_SIGN_ENTITLEMENTS = PeakWidgets/PeakWidgets.entitlements;
				CODE_SIGN_STYLE = Automatic;
				CURRENT_PROJECT_VERSION = 1;
				DEVELOPMENT_TEAM = L49MKXGVM4;
				ENABLE_USER_SCRIPT_SANDBOXING = YES;
				GENERATE_INFOPLIST_FILE = YES;
				INFOPLIST_FILE = PeakWidgets/Info.plist;
				INFOPLIST_KEY_CFBundleDisplayName = Peak;
				IPHONEOS_DEPLOYMENT_TARGET = 17.0;
				LD_RUNPATH_SEARCH_PATHS = (
					"$(inherited)",
					"@executable_path/Frameworks",
					"@executable_path/../../Frameworks",
				);
				MARKETING_VERSION = 2.6;
				PRODUCT_BUNDLE_IDENTIFIER = com.designprism.peak.PeakWidgets;
				PRODUCT_NAME = "$(TARGET_NAME)";
				SDKROOT = iphoneos;
				SKIP_INSTALL = YES;
				SWIFT_EMIT_LOC_STRINGS = YES;
				SWIFT_VERSION = 5.0;
				TARGETED_DEVICE_FAMILY = "1,2";
				VALIDATE_PRODUCT = YES;
			};
			name = Release;
		};
		98B760CBC26BF88730C2AB70 /* Debug */ = {
			isa = XCBuildConfiguration;
			buildSettings = {
				CLANG_ENABLE_OBJC_WEAK = NO;
				CODE_SIGN_ENTITLEMENTS = PeakWidgets/PeakWidgets.entitlements;
				CODE_SIGN_STYLE = Automatic;
				CURRENT_PROJECT_VERSION = 1;
				DEVELOPMENT_TEAM = L49MKXGVM4;
				ENABLE_USER_SCRIPT_SANDBOXING = YES;
				GENERATE_INFOPLIST_FILE = YES;
				INFOPLIST_FILE = PeakWidgets/Info.plist;
				INFOPLIST_KEY_CFBundleDisplayName = Peak;
				IPHONEOS_DEPLOYMENT_TARGET = 17.0;
				LD_RUNPATH_SEARCH_PATHS = (
					"$(inherited)",
					"@executable_path/Frameworks",
					"@executable_path/../../Frameworks",
				);
				MARKETING_VERSION = 2.6;
				PRODUCT_BUNDLE_IDENTIFIER = com.designprism.peak.PeakWidgets;
				PRODUCT_NAME = "$(TARGET_NAME)";
				SDKROOT = iphoneos;
				SKIP_INSTALL = YES;
				SWIFT_EMIT_LOC_STRINGS = YES;
				SWIFT_VERSION = 5.0;
				TARGETED_DEVICE_FAMILY = "1,2";
			};
			name = Debug;
		};
		C68187402F11ED6700558C0B /* Debug */ = {
			isa = XCBuildConfiguration;
			buildSettings = {
				ALWAYS_SEARCH_USER_PATHS = NO;
				ASSETCATALOG_COMPILER_GENERATE_SWIFT_ASSET_SYMBOL_EXTENSIONS = YES;
				CLANG_ANALYZER_NONNULL = YES;
				CLANG_ANALYZER_NUMBER_OBJECT_CONVERSION = YES_AGGRESSIVE;
				CLANG_CXX_LANGUAGE_STANDARD = "gnu++20";
				CLANG_ENABLE_MODULES = YES;
				CLANG_ENABLE_OBJC_ARC = YES;
				CLANG_ENABLE_OBJC_WEAK = YES;
				CLANG_WARN_BLOCK_CAPTURE_AUTORELEASING = YES;
				CLANG_WARN_BOOL_CONVERSION = YES;
				CLANG_WARN_COMMA = YES;
				CLANG_WARN_CONSTANT_CONVERSION = YES;
				CLANG_WARN_DEPRECATED_OBJC_IMPLEMENTATIONS = YES;
				CLANG_WARN_DIRECT_OBJC_ISA_USAGE = YES_ERROR;
				CLANG_WARN_DOCUMENTATION_COMMENTS = YES;
				CLANG_WARN_EMPTY_BODY = YES;
				CLANG_WARN_ENUM_CONVERSION = YES;
				CLANG_WARN_INFINITE_RECURSION = YES;
				CLANG_WARN_INT_CONVERSION = YES;
				CLANG_WARN_NON_LITERAL_NULL_CONVERSION = YES;
				CLANG_WARN_OBJC_IMPLICIT_RETAIN_SELF = YES;
				CLANG_WARN_OBJC_LITERAL_CONVERSION = YES;
				CLANG_WARN_OBJC_ROOT_CLASS = YES_ERROR;
				CLANG_WARN_QUOTED_INCLUDE_IN_FRAMEWORK_HEADER = YES;
				CLANG_WARN_RANGE_LOOP_ANALYSIS = YES;
				CLANG_WARN_STRICT_PROTOTYPES = YES;
				CLANG_WARN_SUSPICIOUS_MOVE = YES;
				CLANG_WARN_UNGUARDED_AVAILABILITY = YES_AGGRESSIVE;
				CLANG_WARN_UNREACHABLE_CODE = YES;
				CLANG_WARN__DUPLICATE_METHOD_MATCH = YES;
				COPY_PHASE_STRIP = NO;
				DEBUG_INFORMATION_FORMAT = dwarf;
				DEVELOPMENT_TEAM = SQ949Q468V;
				ENABLE_STRICT_OBJC_MSGSEND = YES;
				ENABLE_TESTABILITY = YES;
				ENABLE_USER_SCRIPT_SANDBOXING = YES;
				GCC_C_LANGUAGE_STANDARD = gnu17;
				GCC_DYNAMIC_NO_PIC = NO;
				GCC_NO_COMMON_BLOCKS = YES;
				GCC_OPTIMIZATION_LEVEL = 0;
				GCC_PREPROCESSOR_DEFINITIONS = (
					"DEBUG=1",
					"$(inherited)",
				);
				GCC_WARN_64_TO_32_BIT_CONVERSION = YES;
				GCC_WARN_ABOUT_RETURN_TYPE = YES_ERROR;
				GCC_WARN_UNDECLARED_SELECTOR = YES;
				GCC_WARN_UNINITIALIZED_AUTOS = YES_AGGRESSIVE;
				GCC_WARN_UNUSED_FUNCTION = YES;
				GCC_WARN_UNUSED_VARIABLE = YES;
				IPHONEOS_DEPLOYMENT_TARGET = 17.0;
				LOCALIZATION_PREFERS_STRING_CATALOGS = YES;
				MTL_ENABLE_DEBUG_INFO = INCLUDE_SOURCE;
				MTL_FAST_MATH = YES;
				ONLY_ACTIVE_ARCH = YES;
				SDKROOT = iphoneos;
				SWIFT_ACTIVE_COMPILATION_CONDITIONS = "DEBUG $(inherited)";
				SWIFT_OPTIMIZATION_LEVEL = "-Onone";
			};
			name = Debug;
		};
		C68187412F11ED6700558C0B /* Release */ = {
			isa = XCBuildConfiguration;
			buildSettings = {
				ALWAYS_SEARCH_USER_PATHS = NO;
				ASSETCATALOG_COMPILER_GENERATE_SWIFT_ASSET_SYMBOL_EXTENSIONS = YES;
				CLANG_ANALYZER_NONNULL = YES;
				CLANG_ANALYZER_NUMBER_OBJECT_CONVERSION = YES_AGGRESSIVE;
				CLANG_CXX_LANGUAGE_STANDARD = "gnu++20";
				CLANG_ENABLE_MODULES = YES;
				CLANG_ENABLE_OBJC_ARC = YES;
				CLANG_ENABLE_OBJC_WEAK = YES;
				CLANG_WARN_BLOCK_CAPTURE_AUTORELEASING = YES;
				CLANG_WARN_BOOL_CONVERSION = YES;
				CLANG_WARN_COMMA = YES;
				CLANG_WARN_CONSTANT_CONVERSION = YES;
				CLANG_WARN_DEPRECATED_OBJC_IMPLEMENTATIONS = YES;
				CLANG_WARN_DIRECT_OBJC_ISA_USAGE = YES_ERROR;
				CLANG_WARN_DOCUMENTATION_COMMENTS = YES;
				CLANG_WARN_EMPTY_BODY = YES;
				CLANG_WARN_ENUM_CONVERSION = YES;
				CLANG_WARN_INFINITE_RECURSION = YES;
				CLANG_WARN_INT_CONVERSION = YES;
				CLANG_WARN_NON_LITERAL_NULL_CONVERSION = YES;
				CLANG_WARN_OBJC_IMPLICIT_RETAIN_SELF = YES;
				CLANG_WARN_OBJC_LITERAL_CONVERSION = YES;
				CLANG_WARN_OBJC_ROOT_CLASS = YES_ERROR;
				CLANG_WARN_QUOTED_INCLUDE_IN_FRAMEWORK_HEADER = YES;
				CLANG_WARN_RANGE_LOOP_ANALYSIS = YES;
				CLANG_WARN_STRICT_PROTOTYPES = YES;
				CLANG_WARN_SUSPICIOUS_MOVE = YES;
				CLANG_WARN_UNGUARDED_AVAILABILITY = YES_AGGRESSIVE;
				CLANG_WARN_UNREACHABLE_CODE = YES;
				CLANG_WARN__DUPLICATE_METHOD_MATCH = YES;
				COPY_PHASE_STRIP = NO;
				DEBUG_INFORMATION_FORMAT = "dwarf-with-dsym";
				DEVELOPMENT_TEAM = SQ949Q468V;
				ENABLE_NS_ASSERTIONS = NO;
				ENABLE_STRICT_OBJC_MSGSEND = YES;
				ENABLE_USER_SCRIPT_SANDBOXING = YES;
				GCC_C_LANGUAGE_STANDARD = gnu17;
				GCC_NO_COMMON_BLOCKS = YES;
				GCC_WARN_64_TO_32_BIT_CONVERSION = YES;
				GCC_WARN_ABOUT_RETURN_TYPE = YES_ERROR;
				GCC_WARN_UNDECLARED_SELECTOR = YES;
				GCC_WARN_UNINITIALIZED_AUTOS = YES_AGGRESSIVE;
				GCC_WARN_UNUSED_FUNCTION = YES;
				GCC_WARN_UNUSED_VARIABLE = YES;
				IPHONEOS_DEPLOYMENT_TARGET = 17.0;
				LOCALIZATION_PREFERS_STRING_CATALOGS = YES;
				MTL_ENABLE_DEBUG_INFO = NO;
				MTL_FAST_MATH = YES;
				SDKROOT = iphoneos;
				SWIFT_COMPILATION_MODE = wholemodule;
				VALIDATE_PRODUCT = YES;
			};
			name = Release;
		};
		C68187432F11ED6700558C0B /* Debug */ = {
			isa = XCBuildConfiguration;
			buildSettings = {
				ASSETCATALOG_COMPILER_APPICON_NAME = AppIcon;
				ASSETCATALOG_COMPILER_GLOBAL_ACCENT_COLOR_NAME = AccentColor;
				CODE_SIGN_ENTITLEMENTS = Peak/Peak.entitlements;
				CODE_SIGN_STYLE = Automatic;
				CURRENT_PROJECT_VERSION = 1;
				DEVELOPMENT_TEAM = L49MKXGVM4;
				ENABLE_PREVIEWS = YES;
				GENERATE_INFOPLIST_FILE = YES;
				INFOPLIST_FILE = Peak/Info.plist;
				INFOPLIST_KEY_UIApplicationSceneManifest_Generation = YES;
				INFOPLIST_KEY_UIApplicationSupportsIndirectInputEvents = YES;
				INFOPLIST_KEY_UILaunchStoryboardName = LaunchScreen;
				INFOPLIST_KEY_UISupportedInterfaceOrientations_iPad = "UIInterfaceOrientationPortrait UIInterfaceOrientationPortraitUpsideDown UIInterfaceOrientationLandscapeLeft UIInterfaceOrientationLandscapeRight";
				INFOPLIST_KEY_UISupportedInterfaceOrientations_iPhone = "UIInterfaceOrientationPortrait UIInterfaceOrientationLandscapeLeft UIInterfaceOrientationLandscapeRight";
				LD_RUNPATH_SEARCH_PATHS = (
					"$(inherited)",
					"@executable_path/Frameworks",
				);
				MARKETING_VERSION = 2.6;
				PRODUCT_BUNDLE_IDENTIFIER = com.designprism.peak;
				PRODUCT_NAME = "$(TARGET_NAME)";
				STRING_CATALOG_GENERATE_SYMBOLS = YES;
				SWIFT_APPROACHABLE_CONCURRENCY = YES;
				SWIFT_DEFAULT_ACTOR_ISOLATION = MainActor;
				SWIFT_EMIT_LOC_STRINGS = YES;
				SWIFT_UPCOMING_FEATURE_MEMBER_IMPORT_VISIBILITY = YES;
				SWIFT_VERSION = 5.0;
				TARGETED_DEVICE_FAMILY = "1,2";
			};
			name = Debug;
		};
		C68187442F11ED6700558C0B /* Release */ = {
			isa = XCBuildConfiguration;
			buildSettings = {
				ASSETCATALOG_COMPILER_APPICON_NAME = AppIcon;
				ASSETCATALOG_COMPILER_GLOBAL_ACCENT_COLOR_NAME = AccentColor;
				CODE_SIGN_ENTITLEMENTS = Peak/Peak.entitlements;
				CODE_SIGN_STYLE = Automatic;
				CURRENT_PROJECT_VERSION = 1;
				DEVELOPMENT_TEAM = L49MKXGVM4;
				ENABLE_PREVIEWS = YES;
				GENERATE_INFOPLIST_FILE = YES;
				INFOPLIST_FILE = Peak/Info.plist;
				INFOPLIST_KEY_UIApplicationSceneManifest_Generation = YES;
				INFOPLIST_KEY_UIApplicationSupportsIndirectInputEvents = YES;
				INFOPLIST_KEY_UILaunchStoryboardName = LaunchScreen;
				INFOPLIST_KEY_UISupportedInterfaceOrientations_iPad = "UIInterfaceOrientationPortrait UIInterfaceOrientationPortraitUpsideDown UIInterfaceOrientationLandscapeLeft UIInterfaceOrientationLandscapeRight";
				INFOPLIST_KEY_UISupportedInterfaceOrientations_iPhone = "UIInterfaceOrientationPortrait UIInterfaceOrientationLandscapeLeft UIInterfaceOrientationLandscapeRight";
				LD_RUNPATH_SEARCH_PATHS = (
					"$(inherited)",
					"@executable_path/Frameworks",
				);
				MARKETING_VERSION = 2.6;
				PRODUCT_BUNDLE_IDENTIFIER = com.designprism.peak;
				PRODUCT_NAME = "$(TARGET_NAME)";
				STRING_CATALOG_GENERATE_SYMBOLS = YES;
				SWIFT_APPROACHABLE_CONCURRENCY = YES;
				SWIFT_DEFAULT_ACTOR_ISOLATION = MainActor;
				SWIFT_EMIT_LOC_STRINGS = YES;
				SWIFT_UPCOMING_FEATURE_MEMBER_IMPORT_VISIBILITY = YES;
				SWIFT_VERSION = 5.0;
				TARGETED_DEVICE_FAMILY = "1,2";
			};
			name = Release;
		};
		D4F40F79562FC5D19F28F45E /* Debug */ = {
			isa = XCBuildConfiguration;
			buildSettings = {
				ALWAYS_EMBED_SWIFT_STANDARD_LIBRARIES = YES;
				BUNDLE_LOADER = "$(TEST_HOST)";
				CODE_SIGN_STYLE = Automatic;
				DEVELOPMENT_TEAM = SQ949Q468V;
				ENABLE_TESTABILITY = YES;
				GENERATE_INFOPLIST_FILE = YES;
				INFOPLIST_KEY_CFBundleDisplayName = "$(PRODUCT_NAME)";
				IPHONEOS_DEPLOYMENT_TARGET = 17.0;
				LD_RUNPATH_SEARCH_PATHS = (
					"$(inherited)",
					"@executable_path/Frameworks",
					"@loader_path/Frameworks",
				);
				PRODUCT_BUNDLE_IDENTIFIER = Prism.PeakTests;
				PRODUCT_NAME = "$(TARGET_NAME)";
				SWIFT_ACTIVE_COMPILATION_CONDITIONS = "DEBUG $(inherited)";
				SWIFT_DEFAULT_ACTOR_ISOLATION = MainActor;
				SWIFT_VERSION = 5.0;
				TARGETED_DEVICE_FAMILY = "1,2";
				TEST_HOST = "$(BUILT_PRODUCTS_DIR)/Peak.app/Peak";
			};
			name = Debug;
		};
		F630D01DA642FCC4BFD1A8D3 /* Debug */ = {
			isa = XCBuildConfiguration;
			buildSettings = {
				ALWAYS_EMBED_SWIFT_STANDARD_LIBRARIES = YES;
				CODE_SIGN_STYLE = Automatic;
				DEVELOPMENT_TEAM = SQ949Q468V;
				GENERATE_INFOPLIST_FILE = YES;
				INFOPLIST_KEY_CFBundleDisplayName = "$(PRODUCT_NAME)";
				IPHONEOS_DEPLOYMENT_TARGET = 17.0;
				LD_RUNPATH_SEARCH_PATHS = (
					"$(inherited)",
					"@executable_path/Frameworks",
					"@loader_path/Frameworks",
				);
				PRODUCT_BUNDLE_IDENTIFIER = Prism.PeakUITests;
				PRODUCT_NAME = "$(TARGET_NAME)";
				SWIFT_ACTIVE_COMPILATION_CONDITIONS = "DEBUG $(inherited)";
				SWIFT_DEFAULT_ACTOR_ISOLATION = MainActor;
				SWIFT_VERSION = 5.0;
				TARGETED_DEVICE_FAMILY = "1,2";
				TEST_TARGET_NAME = Peak;
			};
			name = Debug;
		};
/* End XCBuildConfiguration section */

/* Begin XCConfigurationList section */
		92D452FA1A4D5F6BC5023B9F /* Build configuration list for PBXNativeTarget "PeakUITests" */ = {
			isa = XCConfigurationList;
			buildConfigurations = (
				F630D01DA642FCC4BFD1A8D3 /* Debug */,
				3F5F239E5827FCE3190C0293 /* Release */,
			);
			defaultConfigurationIsVisible = 0;
			defaultConfigurationName = Release;
		};
		970BF17A896E81C1FA0AA483 /* Build configuration list for PBXNativeTarget "PeakWidgets" */ = {
			isa = XCConfigurationList;
			buildConfigurations = (
				4570B5F0F606DE6DE33C1E28 /* Release */,
				98B760CBC26BF88730C2AB70 /* Debug */,
			);
			defaultConfigurationIsVisible = 0;
			defaultConfigurationName = Release;
		};
		C68187322F11ED6600558C0B /* Build configuration list for PBXProject "Peak" */ = {
			isa = XCConfigurationList;
			buildConfigurations = (
				C68187402F11ED6700558C0B /* Debug */,
				C68187412F11ED6700558C0B /* Release */,
			);
			defaultConfigurationIsVisible = 0;
			defaultConfigurationName = Release;
		};
		C68187422F11ED6700558C0B /* Build configuration list for PBXNativeTarget "Peak" */ = {
			isa = XCConfigurationList;
			buildConfigurations = (
				C68187432F11ED6700558C0B /* Debug */,
				C68187442F11ED6700558C0B /* Release */,
			);
			defaultConfigurationIsVisible = 0;
			defaultConfigurationName = Release;
		};
		E485528A70F50CFC17B230DE /* Build configuration list for PBXNativeTarget "PeakTests" */ = {
			isa = XCConfigurationList;
			buildConfigurations = (
				D4F40F79562FC5D19F28F45E /* Debug */,
				2496D37F0CD0155519368B17 /* Release */,
			);
			defaultConfigurationIsVisible = 0;
			defaultConfigurationName = Release;
		};
/* End XCConfigurationList section */
	};
	rootObject = C681872F2F11ED6600558C0B /* Project object */;
}
